# CPython 3.14.6 / Linux x86_64 wheels; generated from pip resolution on 2026-10-08.
# Complete pinned production graph. Windows and other architectures require a new reviewed lock.
alembic==1.19.0 --hash=sha256:cf839d3849116aab3cc047e09c6968b9bd6b2fde61b6bb7c1e97352fe5503580
arabic-reshaper==3.0.1 --hash=sha256:41c5adc2420f85758eada7e880251c4b6a2adbd83377bd27e5d4eba71f648bc7
argon2-cffi==25.1.0 --hash=sha256:fdc8b074db390fccb6eb4a3604ae7231f219aa669a2652e0f20e16ba513d5741
argon2-cffi-bindings==26.1.0 --hash=sha256:27f1821903e2ceadcb88ec2b45ef190897b7682449c772f4d9b53e42c520cf29
blinker==1.9.0 --hash=sha256:ba0efaa9080b619ff2f3459d1d500c57bddea4a6b424b60a91141db6fd2f08bc
cffi==2.1.1 --hash=sha256:b0431303acaea1089ad4b3e9ce4e6518193def1118d4073ca848635ee4ea2e96
charset-normalizer==3.5.2 --hash=sha256:34276fd796040bf0993ab33a369aa572e6979c7aab225a88893667ad8eac8f7a
click==8.5.0 --hash=sha256:255bc9599cf7748b4b1a446ccc735421bd08a2ae529a8b88597d3de5664ee360
cryptography==50.0.2 --hash=sha256:4061c0079120205fb760c58acab6443e217307dcf05e3702cf970e0689972856
Deprecated==3.0.0 --hash=sha256:58204cf4a7f6270d547af5c278ee7a6bb56045a4b3d8441a1cd11660f41b7939
dnspython==2.8.0 --hash=sha256:01d9bbc4a2d76bf0db7c1f729812ded6d912bd318d3b1cf81d30c0f845dbf3af
email-validator==2.3.0 --hash=sha256:80f13f623413e6b197ae73bb10bf4eb0908faf509ad8362c5edeb0be7fd450b4
Flask==3.1.3 --hash=sha256:f4bcbefc124291925f1a26446da31a5178f9483862233b23c0c96a20701f670c
Flask-Limiter==4.1.1 --hash=sha256:e1ae13e06e6b3e39a4902e7d240b901586b25932c2add7bd5f5eeb4bdc11111b
Flask-Login==0.6.3 --hash=sha256:849b25b82a436bf830a054e74214074af59097171562ab10bfa999e6b78aae5d
Flask-Migrate==4.1.0 --hash=sha256:24d8051af161782e0743af1b04a152d007bad9772b2bca67b7ec1e8ceeb3910d
Flask-SQLAlchemy==3.1.1 --hash=sha256:4ba4be7f419dc72f4efd8802d69974803c37259dd42f3913b0dcf75c9447e0a0
Flask-WTF==1.3.0 --hash=sha256:dc5e3a4ce97f75c47bf6c1c72ad2c3b7bdf579a2ed13aebcc5d3d81fe2571160
greenlet==3.5.6 --hash=sha256:9a09d59bef1db94f384b5bcc2d523694d338f3df6b757aeeaf7baca5d0c0be88
gunicorn==26.2.0 --hash=sha256:bd249d0b3f7972f7432f0a6b6ff3b3ee2d129f70cd1ff6c09a9dd9e29a2b88e3
idna==3.20 --hash=sha256:ab7ae7122974553370f0bdb919e1a960b2cd1bc1ef0276416d896db81c14582c
itsdangerous==2.2.0 --hash=sha256:c6242fc49e35958c8b15141343aa660db5fc54d4f13a1db01a3f5891b98700ef
Jinja2==3.1.6 --hash=sha256:85ece4451f492d0c13c5dd7c13a64681a86afae63a5f347908daf103ce6d2f67
limits==5.8.0 --hash=sha256:ae1b008a43eb43073c3c579398bd4eb4c795de60952532dc24720ab45e1ac6b8
Mako==1.4.3 --hash=sha256:723296007c870bfd6b3f0c3230dba7198096e5269297ebf5e4eff9e7ffa39d4f
MarkupSafe==3.0.4 --hash=sha256:a8e9f292fcda89b324f2f5c91d13f1424a153e40fc2756f38ee23b15835ff300
nh3==0.3.7 --hash=sha256:70f5ac8626e899a4bab0ef74ca2f5bd602f49c7b739e6e5026b4afc6d63dac42
ordered-set==4.1.0 --hash=sha256:046e1132c71fcf3330438a539928932caf51ddbc582496833e23de611de14562
packaging==26.3 --hash=sha256:d7193f7c8e4e93f444fde0262bf90af30e16fa0ad0ad44cb553c87339b23cd1c
pillow==12.3.0 --hash=sha256:251bf95b67017e27b13d82f5b326234ca62d70f9cf4c2b9032de2358a3b12c7b
pycparser==3.1 --hash=sha256:f09d358c840bd147b79e55f2bc494f18ea869dc897f5852a8f5766b74f787882
PyMySQL[rsa]==1.2.0 --hash=sha256:62169ce6d5510f08e140c5e7990ee884a9764024e4a9a27b2cc11f1099322ae0
python-bidi==0.6.11 --hash=sha256:959335cd3814cb767fb832c5c71cbc838ccd9231a812ef2cb43092a216a91d5b
python-dotenv==1.2.2 --hash=sha256:1d8214789a24de455a8b8bd8ae6fe3c6b69a5e3d64aa8a8e5d68e694bbcb285a
reportlab==5.0.1 --hash=sha256:1c36e6bb0e71780c72331eba60da7f602e8d4389a8723825af71342e49d791e8
SQLAlchemy==2.0.51 --hash=sha256:4004ada0aafe8ae1991b2cd1d99c6d9146126e123bd6f883c260d974aa012e54
typing_extensions==4.16.0 --hash=sha256:481caa481374e813c1b176ada14e97f1f67a4539ce9cfeb3f350d78d6370c2e8
tzdata==2026.2 --hash=sha256:bbe9af844f658da81a5f95019480da3a89415801f6cc966806612cc7169bffe7
Werkzeug==3.1.9 --hash=sha256:6392e50c78460ba618e5b21f08a71f59c99ce99cdc6cf6e3dd7e6ccca8754fab
wrapt==2.5.0 --hash=sha256:b640460f0ffb346b192686bd6fac5589e35a6c6640501c59a9fb6e82b0dd6bd8
WTForms==3.2.2 --hash=sha256:72b90d5d921bd3119252069cf0301e9c13915f9e52792652bc91c5dda4b79e56
